Microsoft Visual Studio Solution File, Format Version 11.00
# Visual Studio 2010
Project("{FAE04EC0-301F-11D3-BF4B-00C04F79EFBC}") = "XmlPatch", "XmlPatch.csproj", "{B8189DF3-8923-4748-A017-0CBFE658A4E6}"
	ProjectSection(ProjectDependencies) = postProject
		{8BA90DA5-E8EB-4DEC-9D41-951D012B90CE} = {8BA90DA5-E8EB-4DEC-9D41-951D012B90CE}
	EndProjectSection
EndProject
Project("{FAE04EC0-301F-11D3-BF4B-00C04F79EFBC}") = "XmlDiffPatch", "..\..\Libs\XmlDiffPatch\XmlDiffPatch.csproj", "{8BA90DA5-E8EB-4DEC-9D41-951D012B90CE}"
EndProject
Global
	GlobalSection(SolutionConfigurationPlatforms) = preSolution
		Debug|Any CPU = Debug|Any CPU
		Release|Any CPU = Release|Any CPU
	EndGlobalSection
	GlobalSection(ProjectConfigurationPlatforms) = postSolution
		{B8189DF3-8923-4748-A017-0CBFE658A4E6}.Debug|Any CPU.ActiveCfg = Debug|Any CPU
		{B8189DF3-8923-4748-A017-0CBFE658A4E6}.Debug|Any CPU.Build.0 = Debug|Any CPU
		{B8189DF3-8923-4748-A017-0CBFE658A4E6}.Release|Any CPU.ActiveCfg = Release|Any CPU
		{B8189DF3-8923-4748-A017-0CBFE658A4E6}.Release|Any CPU.Build.0 = Release|Any CPU
		{8BA90DA5-E8EB-4DEC-9D41-951D012B90CE}.Debug|Any CPU.ActiveCfg = Debug|Any CPU
		{8BA90DA5-E8EB-4DEC-9D41-951D012B90CE}.Debug|Any CPU.Build.0 = Debug|Any CPU
		{8BA90DA5-E8EB-4DEC-9D41-951D012B90CE}.Release|Any CPU.ActiveCfg = Release|Any CPU
		{8BA90DA5-E8EB-4DEC-9D41-951D012B90CE}.Release|Any CPU.Build.0 = Release|Any CPU
	EndGlobalSection
	GlobalSection(SolutionProperties) = preSolution
		HideSolutionNode = FALSE
	EndGlobalSection
EndGlobal
